# THIS IS AN AUTOGENERATED FILE. DO NOT EDIT THIS FILE DIRECTLY.
# yarn lockfile v1


"@angular/core@^14.0.0":
  "integrity" "sha512-sGQxU5u4uawwvJa6jOTmGoisJiQ5HIN/RoBw99CmoqZIVyUSg9IRJJC1KVdH8gbpWBNLkElZv21lwJTL/msWyg=="
  "resolved" "https://registry.npmjs.org/@angular/core/-/core-14.2.12.tgz"
  "version" "14.2.12"
  dependencies:
    "tslib" "^2.3.0"

"@ngrx/store@^14.3.2":
  "integrity" "sha512-XGHjr0arh6gClo8Ce+xqJLvW9PkeXPW2tCo9Z5qMtHFI/z5dUppLVKGmMgD/fQBDyoqWTK5xu+89tDkdeZfRjQ=="
  "resolved" "https://registry.npmjs.org/@ngrx/store/-/store-14.3.2.tgz"
  "version" "14.3.2"
  dependencies:
    "tslib" "^2.0.0"

"rxjs@^6.5.3 || ^7.4.0", "rxjs@^6.5.3 || ^7.5.0":
  "integrity" "sha512-z9MzKh/UcOqB3i20H6rtrlaE/CgjLOvheWK/9ILrbhROGTweAi1BaFsTT9FbwZi5Trr1qNRs+MXkhmR06awzQA=="
  "resolved" "https://registry.npmjs.org/rxjs/-/rxjs-7.5.7.tgz"
  "version" "7.5.7"
  dependencies:
    "tslib" "^2.1.0"

"tslib@^2.0.0", "tslib@^2.1.0", "tslib@^2.3.0":
  "integrity" "sha512-tGyy4dAjRIEwI7BzsB0lynWgOpfqjUdq91XXAlIWD2OwKBH7oCl/GZG/HT4BOHrTlPMOASlMQ7veyTqpmRcrNA=="
  "resolved" "https://registry.npmjs.org/tslib/-/tslib-2.4.1.tgz"
  "version" "2.4.1"

"zone.js@~0.11.4 || ~0.12.0":
  "integrity" "sha512-XtC+I5dXU14HrzidAKBNMqneIVUykLEAA1x+v4KVrd6AUPWlwYORF8KgsVqvgdHiKZ4BkxxjvYi/ksEixTPR0Q=="
  "resolved" "https://registry.npmjs.org/zone.js/-/zone.js-0.12.0.tgz"
  "version" "0.12.0"
  dependencies:
    "tslib" "^2.3.0"
