# THIS IS AN AUTOGENERATED FILE. DO NOT EDIT THIS FILE DIRECTLY.
# yarn lockfile v1


"@ngrx/store@^14.3.2":
  version "14.3.2"
  resolved "https://registry.yarnpkg.com/@ngrx/store/-/store-14.3.2.tgz#91333c9c4d7b54bf98d842cb94e6afa3a6ea8df2"
  integrity sha512-XGHjr0arh6gClo8Ce+xqJLvW9PkeXPW2tCo9Z5qMtHFI/z5dUppLVKGmMgD/fQBDyoqWTK5xu+89tDkdeZfRjQ==
  dependencies:
    tslib "^2.0.0"

tslib@^2.0.0:
  version "2.4.0"
  resolved "https://registry.yarnpkg.com/tslib/-/tslib-2.4.0.tgz#7cecaa7f073ce680a05847aa77be941098f36dc3"
  integrity sha512-d6xOpEDfsi2CZVlPQzGeux8XMwLT9hssAsaPYExaQMuYskwb+x1x7J371tWlbBdWHroy99KnVB6qIkUbs5X3UQ==
